PODS:
  - ar_plus (0.0.1):
    - Flutter
  - Flutter (1.0.0)
  - integration_test (0.0.1):
    - Flutter

DEPENDENCIES:
  - ar_plus (from `.symlinks/plugins/ar_plus/ios`)
  - Flutter (from `Flutter`)
  - integration_test (from `.symlinks/plugins/integration_test/ios`)

EXTERNAL SOURCES:
  ar_plus:
    :path: ".symlinks/plugins/ar_plus/ios"
  Flutter:
    :path: Flutter
  integration_test:
    :path: ".symlinks/plugins/integration_test/ios"

SPEC CHECKSUMS:
  ar_plus: 295fcaf9d2574e3e7fd4d3746b3c630d5bc998cf
  Flutter: e0871f40cf51350855a761d2e70bf5af5b9b5de7
  integration_test: 252f60fa39af5e17c3aa9899d35d908a0721b573

PODFILE CHECKSUM: 4305caec6b40dde0ae97be1573c53de1882a07e5

COCOAPODS: 1.16.2
